
Microsoft Visual Studio Solution File, Format Version 12.00
# Visual Studio Version 17
VisualStudioVersion = 17.0.31903.59
MinimumVisualStudioVersion = 10.0.40219.1
Project("{FAE04EC0-301F-11D3-BF4B-00C04F79EFBC}") = "DayUno", "DayUno\DayUno.csproj", "{C72819EF-85F1-4DEE-AA21-E21D091FC871}"
EndProject
Project("{FAE04EC0-301F-11D3-BF4B-00C04F79EFBC}") = "Common", "Common\Common.csproj", "{1FED0990-90C2-4B0A-89D5-FB7C7FB82876}"
EndProject
Project("{FAE04EC0-301F-11D3-BF4B-00C04F79EFBC}") = "DayDos", "DayDos\DayDos.csproj", "{C63788D4-5424-4E24-93E3-E2D4AFBDEE4C}"
EndProject
Project("{FAE04EC0-301F-11D3-BF4B-00C04F79EFBC}") = "DayTres", "DayTres\DayTres.csproj", "{697525D6-4DDE-459A-B45E-98EF79B461B8}"
EndProject
Global
	GlobalSection(SolutionConfigurationPlatforms) = preSolution
		Debug|Any CPU = Debug|Any CPU
		Release|Any CPU = Release|Any CPU
	EndGlobalSection
	GlobalSection(SolutionProperties) = preSolution
		HideSolutionNode = FALSE
	EndGlobalSection
	GlobalSection(ProjectConfigurationPlatforms) = postSolution
		{C72819EF-85F1-4DEE-AA21-E21D091FC871}.Debug|Any CPU.ActiveCfg = Debug|Any CPU
		{C72819EF-85F1-4DEE-AA21-E21D091FC871}.Debug|Any CPU.Build.0 = Debug|Any CPU
		{C72819EF-85F1-4DEE-AA21-E21D091FC871}.Release|Any CPU.ActiveCfg = Release|Any CPU
		{C72819EF-85F1-4DEE-AA21-E21D091FC871}.Release|Any CPU.Build.0 = Release|Any CPU
		{1FED0990-90C2-4B0A-89D5-FB7C7FB82876}.Debug|Any CPU.ActiveCfg = Debug|Any CPU
		{1FED0990-90C2-4B0A-89D5-FB7C7FB82876}.Debug|Any CPU.Build.0 = Debug|Any CPU
		{1FED0990-90C2-4B0A-89D5-FB7C7FB82876}.Release|Any CPU.ActiveCfg = Release|Any CPU
		{1FED0990-90C2-4B0A-89D5-FB7C7FB82876}.Release|Any CPU.Build.0 = Release|Any CPU
		{C63788D4-5424-4E24-93E3-E2D4AFBDEE4C}.Debug|Any CPU.ActiveCfg = Debug|Any CPU
		{C63788D4-5424-4E24-93E3-E2D4AFBDEE4C}.Debug|Any CPU.Build.0 = Debug|Any CPU
		{C63788D4-5424-4E24-93E3-E2D4AFBDEE4C}.Release|Any CPU.ActiveCfg = Release|Any CPU
		{C63788D4-5424-4E24-93E3-E2D4AFBDEE4C}.Release|Any CPU.Build.0 = Release|Any CPU
		{697525D6-4DDE-459A-B45E-98EF79B461B8}.Debug|Any CPU.ActiveCfg = Debug|Any CPU
		{697525D6-4DDE-459A-B45E-98EF79B461B8}.Debug|Any CPU.Build.0 = Debug|Any CPU
		{697525D6-4DDE-459A-B45E-98EF79B461B8}.Release|Any CPU.ActiveCfg = Release|Any CPU
		{697525D6-4DDE-459A-B45E-98EF79B461B8}.Release|Any CPU.Build.0 = Release|Any CPU
	EndGlobalSection
EndGlobal
